<Solution>
  <Folder Name="/src/">
    <Project Path="src/MyasMusicChallenge.Core/MyasMusicChallenge.Core.csproj" />
    <Project Path="src/MyasMusicChallenge/MyasMusicChallenge.csproj" />
  </Folder>
  <Folder Name="/tests/">
    <Project Path="tests/MyasMusicChallenge.Tests/MyasMusicChallenge.Tests.csproj" />
  </Folder>
</Solution>
